
Microsoft Visual Studio Solution File, Format Version 12.00
# Visual Studio Version 16
VisualStudioVersion = 16.0.31321.278
MinimumVisualStudioVersion = 10.0.40219.1
Project("{FAE04EC0-301F-11D3-BF4B-00C04F79EFBC}") = "OOP-WPF", "OOP-WPF\OOP-WPF.csproj", "{7EE56B0A-5798-48C5-8B6A-903A32A1D2CB}"
EndProject
Global
	GlobalSection(SolutionConfigurationPlatforms) = preSolution
		Debug|Any CPU = Debug|Any CPU
		Release|Any CPU = Release|Any CPU
	EndGlobalSection
	GlobalSection(ProjectConfigurationPlatforms) = postSolution
		{7EE56B0A-5798-48C5-8B6A-903A32A1D2CB}.Debug|Any CPU.ActiveCfg = Debug|Any CPU
		{7EE56B0A-5798-48C5-8B6A-903A32A1D2CB}.Debug|Any CPU.Build.0 = Debug|Any CPU
		{7EE56B0A-5798-48C5-8B6A-903A32A1D2CB}.Release|Any CPU.ActiveCfg = Release|Any CPU
		{7EE56B0A-5798-48C5-8B6A-903A32A1D2CB}.Release|Any CPU.Build.0 = Release|Any CPU
	EndGlobalSection
	GlobalSection(SolutionProperties) = preSolution
		HideSolutionNode = FALSE
	EndGlobalSection
	GlobalSection(ExtensibilityGlobals) = postSolution
		SolutionGuid = {07191FFB-6211-478E-8471-922C6A88EEDF}
	EndGlobalSection
EndGlobal
